PODS:
  - SelfieValidatorPod (0.1.4)

DEPENDENCIES:
  - SelfieValidatorPod (from `../`)

EXTERNAL SOURCES:
  SelfieValidatorPod:
    :path: "../"

SPEC CHECKSUMS:
  SelfieValidatorPod: 167316014f505e2fac531c20a70cfaf1885e7ed1

PODFILE CHECKSUM: 50ab551653261f985373bf36ab53b41baa371482

COCOAPODS: 1.12.1
